
Microsoft Visual Studio Solution File, Format Version 12.00
# Visual Studio Version 16
VisualStudioVersion = 16.0.31729.503
MinimumVisualStudioVersion = 10.0.40219.1
Project("{FAE04EC0-301F-11D3-BF4B-00C04F79EFBC}") = "test01", "test01\test01.csproj", "{C3E885A7-1ED7-4C07-97E4-32ABC87969D3}"
EndProject
Global
	GlobalSection(SolutionConfigurationPlatforms) = preSolution
		Debug|Any CPU = Debug|Any CPU
		Release|Any CPU = Release|Any CPU
	EndGlobalSection
	GlobalSection(ProjectConfigurationPlatforms) = postSolution
		{C3E885A7-1ED7-4C07-97E4-32ABC87969D3}.Debug|Any CPU.ActiveCfg = Debug|Any CPU
		{C3E885A7-1ED7-4C07-97E4-32ABC87969D3}.Debug|Any CPU.Build.0 = Debug|Any CPU
		{C3E885A7-1ED7-4C07-97E4-32ABC87969D3}.Release|Any CPU.ActiveCfg = Release|Any CPU
		{C3E885A7-1ED7-4C07-97E4-32ABC87969D3}.Release|Any CPU.Build.0 = Release|Any CPU
	EndGlobalSection
	GlobalSection(SolutionProperties) = preSolution
		HideSolutionNode = FALSE
	EndGlobalSection
	GlobalSection(ExtensibilityGlobals) = postSolution
		SolutionGuid = {739D0768-DC5D-4E8E-8B49-8A6688692646}
	EndGlobalSection
EndGlobal
